{
  "object": {
    "pins": [
      {
        "package": "CombineDataSources",
        "repositoryURL": "https://github.com/CombineCommunity/CombineDataSources",
        "state": {
          "branch": null,
          "revision": "82500a23998754251c6a869d7ecab2824afa771c",
          "version": "0.2.4"
        }
      },
      {
        "package": "SnapKit",
        "repositoryURL": "https://github.com/SnapKit/SnapKit",
        "state": {
          "branch": null,
          "revision": "d458564516e5676af9c70b4f4b2a9178294f1bc6",
          "version": "5.0.1"
        }
      }
    ]
  },
  "version": 1
}
