{
  "object": {
    "pins": [
      {
        "package": "CombineDataSources",
        "repositoryURL": "https://github.com/CombineCommunity/CombineDataSources",
        "state": {
          "branch": null,
          "revision": "82500a23998754251c6a869d7ecab2824afa771c",
          "version": "0.2.4"
        }
      },
      {
        "package": "RxBiBinding",
        "repositoryURL": "https://github.com/RxSwiftCommunity/RxBiBinding",
        "state": {
          "branch": null,
          "revision": "30dbade1ae70a350d37c8464c77dabecbb855cd6",
          "version": "0.2.5"
        }
      },
      {
        "package": "RxExpect",
        "repositoryURL": "https://github.com/devxoul/RxExpect.git",
        "state": {
          "branch": null,
          "revision": "c3a3bb3d46ee831582c6619ecc48cda1cdbff890",
          "version": "2.0.0"
        }
      },
      {
        "package": "RxKeyboard",
        "repositoryURL": "https://github.com/RxSwiftCommunity/RxKeyboard",
        "state": {
          "branch": null,
          "revision": "ed5940a7e29c3a4b4925b2d76260f793d311d58e",
          "version": "1.0.0"
        }
      },
      {
        "package": "RxSwift",
        "repositoryURL": "https://github.com/ReactiveX/RxSwift.git",
        "state": {
          "branch": null,
          "revision": "b3e888b4972d9bc76495dd74d30a8c7fad4b9395",
          "version": "5.0.1"
        }
      },
      {
        "package": "RxViewController",
        "repositoryURL": "https://github.com/devxoul/RxViewController",
        "state": {
          "branch": null,
          "revision": "2974fc02742497ee26ba3622ced199818d580444",
          "version": "1.0.0"
        }
      },
      {
        "package": "SnapKit",
        "repositoryURL": "https://github.com/SnapKit/SnapKit",
        "state": {
          "branch": null,
          "revision": "d458564516e5676af9c70b4f4b2a9178294f1bc6",
          "version": "5.0.1"
        }
      }
    ]
  },
  "version": 1
}
